
Microsoft Visual Studio Solution File, Format Version 12.00
# Visual Studio Version 17
VisualStudioVersion = 17.11.35222.181
MinimumVisualStudioVersion = 10.0.40219.1
Project("{FAE04EC0-301F-11D3-BF4B-00C04F79EFBC}") = "refreshTokenJWT", "refreshTokenJWT.csproj", "{2AAF0B34-F1F2-405E-A777-25DBDC6624A1}"
EndProject
Global
	GlobalSection(SolutionConfigurationPlatforms) = preSolution
		Debug|Any CPU = Debug|Any CPU
		Release|Any CPU = Release|Any CPU
	EndGlobalSection
	GlobalSection(ProjectConfigurationPlatforms) = postSolution
		{2AAF0B34-F1F2-405E-A777-25DBDC6624A1}.Debug|Any CPU.ActiveCfg = Debug|Any CPU
		{2AAF0B34-F1F2-405E-A777-25DBDC6624A1}.Debug|Any CPU.Build.0 = Debug|Any CPU
		{2AAF0B34-F1F2-405E-A777-25DBDC6624A1}.Release|Any CPU.ActiveCfg = Release|Any CPU
		{2AAF0B34-F1F2-405E-A777-25DBDC6624A1}.Release|Any CPU.Build.0 = Release|Any CPU
	EndGlobalSection
	GlobalSection(SolutionProperties) = preSolution
		HideSolutionNode = FALSE
	EndGlobalSection
	GlobalSection(ExtensibilityGlobals) = postSolution
		SolutionGuid = {04E860C2-3DCE-4DA6-B9DC-B38D40DB6CC6}
	EndGlobalSection
EndGlobal
